// !$*UTF8*$!
{
	archiveVersion = 1;
	classes = {
	};
	objectVersion = 48;
	objects = {

/* Begin PBXBuildFile section */
		A0AB00C4200629B1003A574B /* AppDelegate.swift in Sources */ = {isa = PBXBuildFile; fileRef = A0AB00C3200629B1003A574B /* AppDelegate.swift */; };
		A0AB00C6200629B1003A574B /* ViewController.swift in Sources */ = {isa = PBXBuildFile; fileRef = A0AB00C5200629B1003A574B /* ViewController.swift */; };
		A0AB00C9200629B1003A574B /* Main.storyboard in Resources */ = {isa = PBXBuildFile; fileRef = A0AB00C7200629B1003A574B /* Main.storyboard */; };
		A0AB00CB200629B1003A574B /* Assets.xcassets in Resources */ = {isa = PBXBuildFile; fileRef = A0AB00CA200629B1003A574B /* Assets.xcassets */; };
		A0AB00CE200629B1003A574B /* LaunchScreen.storyboard in Resources */ = {isa = PBXBuildFile; fileRef = A0AB00CC200629B1003A574B /* LaunchScreen.storyboard */; };
		A0AB00D620062A02003A574B /* JZMaterialSwitch.swift in Sources */ = {isa = PBXBuildFile; fileRef = A0AB00D520062A02003A574B /* JZMaterialSwitch.swift */; };
/* End PBXBuildFile section */

/* Begin PBXFileReference section */
		A0AB00C0200629B1003A574B /* CustomSwitchControl_Demo.app */ = {isa = PBXFileReference; explicitFileType = wrapper.application; includeInIndex = 0; path = CustomSwitchControl_Demo.app; sourceTree = BUILT_PRODUCTS_DIR; };
		A0AB00C3200629B1003A574B /* AppDelegate.swift */ = {isa = PBXFileReference; lastKnownFileType = sourcecode.swift; path = AppDelegate.swift; sourceTree = "<group>"; };
		A0AB00C5200629B1003A574B /* ViewController.swift */ = {isa = PBXFileReference; lastKnownFileType = sourcecode.swift; path = ViewController.swift; sourceTree = "<group>"; };
		A0AB00C8200629B1003A574B /* Base */ = {isa = PBXFileReference; lastKnownFileType = file.storyboard; name = Base; path = Base.lproj/Main.storyboard; sourceTree = "<group>"; };
		A0AB00CA200629B1003A574B /* Assets.xcassets */ = {isa = PBXFileReference; lastKnownFileType = folder.assetcatalog; path = Assets.xcassets; sourceTree = "<group>"; };
		A0AB00CD200629B1003A574B /* Base */ = {isa = PBXFileReference; lastKnownFileType = file.storyboard; name = Base; path = Base.lproj/LaunchScreen.storyboard; sourceTree = "<group>"; };
		A0AB00CF200629B1003A574B /* Info.plist */ = {isa = PBXFileReference; lastKnownFileType = text.plist.xml; path = Info.plist; sourceTree = "<group>"; };
		A0AB00D520062A02003A574B /* JZMaterialSwitch.swift */ = {isa = PBXFileReference; lastKnownFileType = sourcecode.swift; path = JZMaterialSwitch.swift; sourceTree = "<group>"; };
/* End PBXFileReference section */

/* Begin PBXFrameworksBuildPhase section */
		A0AB00BD200629B1003A574B /* Frameworks */ = {
			isa = PBXFrameworksBuildPhase;
			buildActionMask = 2147483647;
			files = (
			);
			runOnlyForDeploymentPostprocessing = 0;
		};
/* End PBXFrameworksBuildPhase section */

/* Begin PBXGroup section */
		A0AB00B7200629B1003A574B = {
			isa = PBXGroup;
			children = (
				A0AB00C2200629B1003A574B /* CustomSwitchControl_Demo */,
				A0AB00C1200629B1003A574B /* Products */,
			);
			sourceTree = "<group>";
		};
		A0AB00C1200629B1003A574B /* Products */ = {
			isa = PBXGroup;
			children = (
				A0AB00C0200629B1003A574B /* CustomSwitchControl_Demo.app */,
			);
			name = Products;
			sourceTree = "<group>";
		};
		A0AB00C2200629B1003A574B /* CustomSwitchControl_Demo */ = {
			isa = PBXGroup;
			children = (
				A0AB00C3200629B1003A574B /* AppDelegate.swift */,
				A0AB00C5200629B1003A574B /* ViewController.swift */,
				A0AB00C7200629B1003A574B /* Main.storyboard */,
				A0AB00CA200629B1003A574B /* Assets.xcassets */,
				A0AB00CC200629B1003A574B /* LaunchScreen.storyboard */,
				A0AB00CF200629B1003A574B /* Info.plist */,
				A0AB00D520062A02003A574B /* JZMaterialSwitch.swift */,
			);
			path = CustomSwitchControl_Demo;
			sourceTree = "<group>";
		};
/* End PBXGroup section */

/* Begin PBXNativeTarget section */
		A0AB00BF200629B1003A574B /* CustomSwitchControl_Demo */ = {
			isa = PBXNativeTarget;
			buildConfigurationList = A0AB00D2200629B1003A574B /* Build configuration list for PBXNativeTarget "CustomSwitchControl_Demo" */;
			buildPhases = (
				A0AB00BC200629B1003A574B /* Sources */,
				A0AB00BD200629B1003A574B /* Frameworks */,
				A0AB00BE200629B1003A574B /* Resources */,
			);
			buildRules = (
			);
			dependencies = (
			);
			name = CustomSwitchControl_Demo;
			productName = CustomSwitchControl_Demo;
			productReference = A0AB00C0200629B1003A574B /* CustomSwitchControl_Demo.app */;
			productType = "com.apple.product-type.application";
		};
/* End PBXNativeTarget section */

/* Begin PBXProject section */
		A0AB00B8200629B1003A574B /* Project object */ = {
			isa = PBXProject;
			attributes = {
				LastSwiftUpdateCheck = 0920;
				LastUpgradeCheck = 0920;
				ORGANIZATIONNAME = icm_mobile;
				TargetAttributes = {
					A0AB00BF200629B1003A574B = {
						CreatedOnToolsVersion = 9.2;
						ProvisioningStyle = Automatic;
					};
				};
			};
			buildConfigurationList = A0AB00BB200629B1003A574B /* Build configuration list for PBXProject "CustomSwitchControl_Demo" */;
			compatibilityVersion = "Xcode 8.0";
			developmentRegion = en;
			hasScannedForEncodings = 0;
			knownRegions = (
				en,
				Base,
			);
			mainGroup = A0AB00B7200629B1003A574B;
			productRefGroup = A0AB00C1200629B1003A574B /* Products */;
			projectDirPath = "";
			projectRoot = "";
			targets = (
				A0AB00BF200629B1003A574B /* CustomSwitchControl_Demo */,
			);
		};
/* End PBXProject section */

/* Begin PBXResourcesBuildPhase section */
		A0AB00BE200629B1003A574B /* Resources */ = {
			isa = PBXResourcesBuildPhase;
			buildActionMask = 2147483647;
			files = (
				A0AB00CE200629B1003A574B /* LaunchScreen.storyboard in Resources */,
				A0AB00CB200629B1003A574B /* Assets.xcassets in Resources */,
				A0AB00C9200629B1003A574B /* Main.storyboard in Resources */,
			);
			runOnlyForDeploymentPostprocessing = 0;
		};
/* End PBXResourcesBuildPhase section */

/* Begin PBXSourcesBuildPhase section */
		A0AB00BC200629B1003A574B /* Sources */ = {
			isa = PBXSourcesBuildPhase;
			buildActionMask = 2147483647;
			files = (
				A0AB00C6200629B1003A574B /* ViewController.swift in Sources */,
				A0AB00D620062A02003A574B /* JZMaterialSwitch.swift in Sources */,
				A0AB00C4200629B1003A574B /* AppDelegate.swift in Sources */,
			);
			runOnlyForDeploymentPostprocessing = 0;
		};
/* End PBXSourcesBuildPhase section */

/* Begin PBXVariantGroup section */
		A0AB00C7200629B1003A574B /* Main.storyboard */ = {
			isa = PBXVariantGroup;
			children = (
				A0AB00C8200629B1003A574B /* Base */,
			);
			name = Main.storyboard;
			sourceTree = "<group>";
		};
		A0AB00CC200629B1003A574B /* LaunchScreen.storyboard */ = {
			isa = PBXVariantGroup;
			children = (
				A0AB00CD200629B1003A574B /* Base */,
			);
			name = LaunchScreen.storyboard;
			sourceTree = "<group>";
		};
/* End PBXVariantGroup section */

/* Begin XCBuildConfiguration section */
		A0AB00D0200629B1003A574B /* Debug */ = {
			isa = XCBuildConfiguration;
			buildSettings = {
				ALWAYS_SEARCH_USER_PATHS = NO;
				CLANG_ANALYZER_NONNULL = YES;
				CLANG_ANALYZER_NUMBER_OBJECT_CONVERSION = YES_AGGRESSIVE;
				CLANG_CXX_LANGUAGE_STANDARD = "gnu++14";
				CLANG_CXX_LIBRARY = "libc++";
				CLANG_ENABLE_MODULES = YES;
				CLANG_ENABLE_OBJC_ARC = YES;
				CLANG_WARN_BLOCK_CAPTURE_AUTORELEASING = YES;
				CLANG_WARN_BOOL_CONVERSION = YES;
				CLANG_WARN_COMMA = YES;
				CLANG_WARN_CONSTANT_CONVERSION = YES;
				CLANG_WARN_DIRECT_OBJC_ISA_USAGE = YES_ERROR;
				CLANG_WARN_DOCUMENTATION_COMMENTS = YES;
				CLANG_WARN_EMPTY_BODY = YES;
				CLANG_WARN_ENUM_CONVERSION = YES;
				CLANG_WARN_INFINITE_RECURSION = YES;
				CLANG_WARN_INT_CONVERSION = YES;
				CLANG_WARN_NON_LITERAL_NULL_CONVERSION = YES;
				CLANG_WARN_OBJC_LITERAL_CONVERSION = YES;
				CLANG_WARN_OBJC_ROOT_CLASS = YES_ERROR;
				CLANG_WARN_RANGE_LOOP_ANALYSIS = YES;
				CLANG_WARN_STRICT_PROTOTYPES = YES;
				CLANG_WARN_SUSPICIOUS_MOVE = YES;
				CLANG_WARN_UNGUARDED_AVAILABILITY = YES_AGGRESSIVE;
				CLANG_WARN_UNREACHABLE_CODE = YES;
				CLANG_WARN__DUPLICATE_METHOD_MATCH = YES;
				CODE_SIGN_IDENTITY = "iPhone Developer";
				COPY_PHASE_STRIP = NO;
				DEBUG_INFORMATION_FORMAT = dwarf;
				ENABLE_STRICT_OBJC_MSGSEND = YES;
				ENABLE_TESTABILITY = YES;
				GCC_C_LANGUAGE_STANDARD = gnu11;
				GCC_DYNAMIC_NO_PIC = NO;
				GCC_NO_COMMON_BLOCKS = YES;
				GCC_OPTIMIZATION_LEVEL = 0;
				GCC_PREPROCESSOR_DEFINITIONS = (
					"DEBUG=1",
					"$(inherited)",
				);
				GCC_WARN_64_TO_32_BIT_CONVERSION = YES;
				GCC_WARN_ABOUT_RETURN_TYPE = YES_ERROR;
				GCC_WARN_UNDECLARED_SELECTOR = YES;
				GCC_WARN_UNINITIALIZED_AUTOS = YES_AGGRESSIVE;
				GCC_WARN_UNUSED_FUNCTION = YES;
				GCC_WARN_UNUSED_VARIABLE = YES;
				IPHONEOS_DEPLOYMENT_TARGET = 11.2;
				MTL_ENABLE_DEBUG_INFO = YES;
				ONLY_ACTIVE_ARCH = YES;
				SDKROOT = iphoneos;
				SWIFT_ACTIVE_COMPILATION_CONDITIONS = DEBUG;
				SWIFT_OPTIMIZATION_LEVEL = "-Onone";
			};
			name = Debug;
		};
		A0AB00D1200629B1003A574B /* Release */ = {
			isa = XCBuildConfiguration;
			buildSettings = {
				ALWAYS_SEARCH_USER_PATHS = NO;
				CLANG_ANALYZER_NONNULL = YES;
				CLANG_ANALYZER_NUMBER_OBJECT_CONVERSION = YES_AGGRESSIVE;
				CLANG_CXX_LANGUAGE_STANDARD = "gnu++14";
				CLANG_CXX_LIBRARY = "libc++";
				CLANG_ENABLE_MODULES = YES;
				CLANG_ENABLE_OBJC_ARC = YES;
				CLANG_WARN_BLOCK_CAPTURE_AUTORELEASING = YES;
				CLANG_WARN_BOOL_CONVERSION = YES;
				CLANG_WARN_COMMA = YES;
				CLANG_WARN_CONSTANT_CONVERSION = YES;
				CLANG_WARN_DIRECT_OBJC_ISA_USAGE = YES_ERROR;
				CLANG_WARN_DOCUMENTATION_COMMENTS = YES;
				CLANG_WARN_EMPTY_BODY = YES;
				CLANG_WARN_ENUM_CONVERSION = YES;
				CLANG_WARN_INFINITE_RECURSION = YES;
				CLANG_WARN_INT_CONVERSION = YES;
				CLANG_WARN_NON_LITERAL_NULL_CONVERSION = YES;
				CLANG_WARN_OBJC_LITERAL_CONVERSION = YES;
				CLANG_WARN_OBJC_ROOT_CLASS = YES_ERROR;
				CLANG_WARN_RANGE_LOOP_ANALYSIS = YES;
				CLANG_WARN_STRICT_PROTOTYPES = YES;
				CLANG_WARN_SUSPICIOUS_MOVE = YES;
				CLANG_WARN_UNGUARDED_AVAILABILITY = YES_AGGRESSIVE;
				CLANG_WARN_UNREACHABLE_CODE = YES;
				CLANG_WARN__DUPLICATE_METHOD_MATCH = YES;
				CODE_SIGN_IDENTITY = "iPhone Developer";
				COPY_PHASE_STRIP = NO;
				DEBUG_INFORMATION_FORMAT = "dwarf-with-dsym";
				ENABLE_NS_ASSERTIONS = NO;
				ENABLE_STRICT_OBJC_MSGSEND = YES;
				GCC_C_LANGUAGE_STANDARD = gnu11;
				GCC_NO_COMMON_BLOCKS = YES;
				GCC_WARN_64_TO_32_BIT_CONVERSION = YES;
				GCC_WARN_ABOUT_RETURN_TYPE = YES_ERROR;
				GCC_WARN_UNDECLARED_SELECTOR = YES;
				GCC_WARN_UNINITIALIZED_AUTOS = YES_AGGRESSIVE;
				GCC_WARN_UNUSED_FUNCTION = YES;
				GCC_WARN_UNUSED_VARIABLE = YES;
				IPHONEOS_DEPLOYMENT_TARGET = 11.2;
				MTL_ENABLE_DEBUG_INFO = NO;
				SDKROOT = iphoneos;
				SWIFT_OPTIMIZATION_LEVEL = "-Owholemodule";
				VALIDATE_PRODUCT = YES;
			};
			name = Release;
		};
		A0AB00D3200629B1003A574B /* Debug */ = {
			isa = XCBuildConfiguration;
			buildSettings = {
				ASSETCATALOG_COMPILER_APPICON_NAME = AppIcon;
				CODE_SIGN_STYLE = Automatic;
				DEVELOPMENT_TEAM = DX9C9DL9K4;
				INFOPLIST_FILE = CustomSwitchControl_Demo/Info.plist;
				LD_RUNPATH_SEARCH_PATHS = "$(inherited) @executable_path/Frameworks";
				PRODUCT_BUNDLE_IDENTIFIER = "icm.CustomSwitchControl-Demo";
				PRODUCT_NAME = "$(TARGET_NAME)";
				SWIFT_VERSION = 4.0;
				TARGETED_DEVICE_FAMILY = "1,2";
			};
			name = Debug;
		};
		A0AB00D4200629B1003A574B /* Release */ = {
			isa = XCBuildConfiguration;
			buildSettings = {
				ASSETCATALOG_COMPILER_APPICON_NAME = AppIcon;
				CODE_SIGN_STYLE = Automatic;
				DEVELOPMENT_TEAM = DX9C9DL9K4;
				INFOPLIST_FILE = CustomSwitchControl_Demo/Info.plist;
				LD_RUNPATH_SEARCH_PATHS = "$(inherited) @executable_path/Frameworks";
				PRODUCT_BUNDLE_IDENTIFIER = "icm.CustomSwitchControl-Demo";
				PRODUCT_NAME = "$(TARGET_NAME)";
				SWIFT_VERSION = 4.0;
				TARGETED_DEVICE_FAMILY = "1,2";
			};
			name = Release;
		};
/* End XCBuildConfiguration section */

/* Begin XCConfigurationList section */
		A0AB00BB200629B1003A574B /* Build configuration list for PBXProject "CustomSwitchControl_Demo" */ = {
			isa = XCConfigurationList;
			buildConfigurations = (
				A0AB00D0200629B1003A574B /* Debug */,
				A0AB00D1200629B1003A574B /* Release */,
			);
			defaultConfigurationIsVisible = 0;
			defaultConfigurationName = Release;
		};
		A0AB00D2200629B1003A574B /* Build configuration list for PBXNativeTarget "CustomSwitchControl_Demo" */ = {
			isa = XCConfigurationList;
			buildConfigurations = (
				A0AB00D3200629B1003A574B /* Debug */,
				A0AB00D4200629B1003A574B /* Release */,
			);
			defaultConfigurationIsVisible = 0;
			defaultConfigurationName = Release;
		};
/* End XCConfigurationList section */
	};
	rootObject = A0AB00B8200629B1003A574B /* Project object */;
}
